{
  "originHash" : "fcdb6d5dc76fef3126c97e3f42a1ae0bb40cd2c958e8591ac4547ce131a2698e",
  "pins" : [
    {
      "identity" : "alamofire",
      "kind" : "remoteSourceControl",
      "location" : "https://github.com/Alamofire/Alamofire",
      "state" : {
        "revision" : "f455c2975872ccd2d9c81594c658af65716e9b9a",
        "version" : "5.9.1"
      }
    },
    {
      "identity" : "kakao-ios-sdk",
      "kind" : "remoteSourceControl",
      "location" : "https://github.com/kakao/kakao-ios-sdk",
      "state" : {
        "revision" : "66b3bddc2657e8ccb7a16fa0264aac99c57be09b",
        "version" : "2.22.5"
      }
    }
  ],
  "version" : 3
}
